
Microsoft Visual Studio Solution File, Format Version 12.00
# Visual Studio Version 16
VisualStudioVersion = 16.0.30225.117
MinimumVisualStudioVersion = 10.0.40219.1
Project("{FAE04EC0-301F-11D3-BF4B-00C04F79EFBC}") = "Test1", "Test1\Test1.csproj", "{81C7C494-9C29-4B92-91BA-5C5346433871}"
EndProject
Project("{FAE04EC0-301F-11D3-BF4B-00C04F79EFBC}") = "Test1.Services", "Test1.Services\Test1.Services.csproj", "{03D94B25-3718-479D-BE3A-55A942320D67}"
EndProject
Global
	GlobalSection(SolutionConfigurationPlatforms) = preSolution
		Debug|Any CPU = Debug|Any CPU
		Release|Any CPU = Release|Any CPU
	EndGlobalSection
	GlobalSection(ProjectConfigurationPlatforms) = postSolution
		{81C7C494-9C29-4B92-91BA-5C5346433871}.Debug|Any CPU.ActiveCfg = Debug|Any CPU
		{81C7C494-9C29-4B92-91BA-5C5346433871}.Debug|Any CPU.Build.0 = Debug|Any CPU
		{81C7C494-9C29-4B92-91BA-5C5346433871}.Release|Any CPU.ActiveCfg = Release|Any CPU
		{81C7C494-9C29-4B92-91BA-5C5346433871}.Release|Any CPU.Build.0 = Release|Any CPU
		{03D94B25-3718-479D-BE3A-55A942320D67}.Debug|Any CPU.ActiveCfg = Debug|Any CPU
		{03D94B25-3718-479D-BE3A-55A942320D67}.Debug|Any CPU.Build.0 = Debug|Any CPU
		{03D94B25-3718-479D-BE3A-55A942320D67}.Release|Any CPU.ActiveCfg = Release|Any CPU
		{03D94B25-3718-479D-BE3A-55A942320D67}.Release|Any CPU.Build.0 = Release|Any CPU
	EndGlobalSection
	GlobalSection(SolutionProperties) = preSolution
		HideSolutionNode = FALSE
	EndGlobalSection
	GlobalSection(ExtensibilityGlobals) = postSolution
		SolutionGuid = {C9561A47-155E-4270-B6D4-FBEAD14FBB55}
	EndGlobalSection
EndGlobal
